
Microsoft Visual Studio Solution File, Format Version 12.00
# Visual Studio Version 16
VisualStudioVersion = 16.0.30907.101
MinimumVisualStudioVersion = 10.0.40219.1
Project("{FAE04EC0-301F-11D3-BF4B-00C04F79EFBC}") = "ClassMetotDemo", "ClassMetotDemo\ClassMetotDemo.csproj", "{2F004C9C-A42C-442F-961C-31C30F5E4BE3}"
EndProject
Global
	GlobalSection(SolutionConfigurationPlatforms) = preSolution
		Debug|Any CPU = Debug|Any CPU
		Release|Any CPU = Release|Any CPU
	EndGlobalSection
	GlobalSection(ProjectConfigurationPlatforms) = postSolution
		{2F004C9C-A42C-442F-961C-31C30F5E4BE3}.Debug|Any CPU.ActiveCfg = Debug|Any CPU
		{2F004C9C-A42C-442F-961C-31C30F5E4BE3}.Debug|Any CPU.Build.0 = Debug|Any CPU
		{2F004C9C-A42C-442F-961C-31C30F5E4BE3}.Release|Any CPU.ActiveCfg = Release|Any CPU
		{2F004C9C-A42C-442F-961C-31C30F5E4BE3}.Release|Any CPU.Build.0 = Release|Any CPU
	EndGlobalSection
	GlobalSection(SolutionProperties) = preSolution
		HideSolutionNode = FALSE
	EndGlobalSection
	GlobalSection(ExtensibilityGlobals) = postSolution
		SolutionGuid = {E338876B-2430-424A-95F8-EC5C65D6D3FE}
	EndGlobalSection
EndGlobal
